
Microsoft Visual Studio Solution File, Format Version 12.00
# Visual Studio 15
VisualStudioVersion = 15.0.28307.852
MinimumVisualStudioVersion = 10.0.40219.1
Project("{FAE04EC0-301F-11D3-BF4B-00C04F79EFBC}") = "Kolokwium_Poprawiona_Wersja", "Kolokwium_Poprawiona_Wersja\Kolokwium_Poprawiona_Wersja.csproj", "{01A27168-9E82-40D2-82DA-2000057F22A6}"
EndProject
Global
	GlobalSection(SolutionConfigurationPlatforms) = preSolution
		Debug|Any CPU = Debug|Any CPU
		Release|Any CPU = Release|Any CPU
	EndGlobalSection
	GlobalSection(ProjectConfigurationPlatforms) = postSolution
		{01A27168-9E82-40D2-82DA-2000057F22A6}.Debug|Any CPU.ActiveCfg = Debug|Any CPU
		{01A27168-9E82-40D2-82DA-2000057F22A6}.Debug|Any CPU.Build.0 = Debug|Any CPU
		{01A27168-9E82-40D2-82DA-2000057F22A6}.Release|Any CPU.ActiveCfg = Release|Any CPU
		{01A27168-9E82-40D2-82DA-2000057F22A6}.Release|Any CPU.Build.0 = Release|Any CPU
	EndGlobalSection
	GlobalSection(SolutionProperties) = preSolution
		HideSolutionNode = FALSE
	EndGlobalSection
	GlobalSection(ExtensibilityGlobals) = postSolution
		SolutionGuid = {0CC6B7BD-7F0C-4242-A68F-C724D429122C}
	EndGlobalSection
EndGlobal
